
Microsoft Visual Studio Solution File, Format Version 12.00
# Visual Studio Version 17
VisualStudioVersion = 17.11.35103.136
MinimumVisualStudioVersion = 10.0.40219.1
Project("{9A19103F-16F7-4668-BE54-9A1E7A4F7556}") = "NullableAnalyzer", "NullableAnalyzer.csproj", "{E56605E0-370D-4709-B918-A331F345C228}"
EndProject
Project("{9A19103F-16F7-4668-BE54-9A1E7A4F7556}") = "NullableAnalyzer.CodeFixes", "..\NullableAnalyzer.CodeFixes\NullableAnalyzer.CodeFixes.csproj", "{EE2C2986-9078-4A0A-8995-9B10EDE50FCF}"
EndProject
Project("{9A19103F-16F7-4668-BE54-9A1E7A4F7556}") = "NullableAnalyzer.Package", "..\NullableAnalyzer.Package\NullableAnalyzer.Package.csproj", "{61ACF33E-7F13-4F72-937D-BE28DE7079F1}"
EndProject
Project("{9A19103F-16F7-4668-BE54-9A1E7A4F7556}") = "NullableAnalyzer.Test", "..\NullableAnalyzer.Test\NullableAnalyzer.Test.csproj", "{B3ED382D-1D4C-498B-9EA8-07C07F3BEB3E}"
EndProject
Global
	GlobalSection(SolutionConfigurationPlatforms) = preSolution
		Debug|Any CPU = Debug|Any CPU
		Release|Any CPU = Release|Any CPU
	EndGlobalSection
	GlobalSection(ProjectConfigurationPlatforms) = postSolution
		{E56605E0-370D-4709-B918-A331F345C228}.Debug|Any CPU.ActiveCfg = Debug|Any CPU
		{E56605E0-370D-4709-B918-A331F345C228}.Debug|Any CPU.Build.0 = Debug|Any CPU
		{E56605E0-370D-4709-B918-A331F345C228}.Release|Any CPU.ActiveCfg = Release|Any CPU
		{E56605E0-370D-4709-B918-A331F345C228}.Release|Any CPU.Build.0 = Release|Any CPU
		{EE2C2986-9078-4A0A-8995-9B10EDE50FCF}.Debug|Any CPU.ActiveCfg = Debug|Any CPU
		{EE2C2986-9078-4A0A-8995-9B10EDE50FCF}.Debug|Any CPU.Build.0 = Debug|Any CPU
		{EE2C2986-9078-4A0A-8995-9B10EDE50FCF}.Release|Any CPU.ActiveCfg = Release|Any CPU
		{EE2C2986-9078-4A0A-8995-9B10EDE50FCF}.Release|Any CPU.Build.0 = Release|Any CPU
		{61ACF33E-7F13-4F72-937D-BE28DE7079F1}.Debug|Any CPU.ActiveCfg = Debug|Any CPU
		{61ACF33E-7F13-4F72-937D-BE28DE7079F1}.Debug|Any CPU.Build.0 = Debug|Any CPU
		{61ACF33E-7F13-4F72-937D-BE28DE7079F1}.Release|Any CPU.ActiveCfg = Release|Any CPU
		{61ACF33E-7F13-4F72-937D-BE28DE7079F1}.Release|Any CPU.Build.0 = Release|Any CPU
		{B3ED382D-1D4C-498B-9EA8-07C07F3BEB3E}.Debug|Any CPU.ActiveCfg = Debug|Any CPU
		{B3ED382D-1D4C-498B-9EA8-07C07F3BEB3E}.Debug|Any CPU.Build.0 = Debug|Any CPU
		{B3ED382D-1D4C-498B-9EA8-07C07F3BEB3E}.Release|Any CPU.ActiveCfg = Release|Any CPU
		{B3ED382D-1D4C-498B-9EA8-07C07F3BEB3E}.Release|Any CPU.Build.0 = Release|Any CPU
	EndGlobalSection
	GlobalSection(SolutionProperties) = preSolution
		HideSolutionNode = FALSE
	EndGlobalSection
	GlobalSection(ExtensibilityGlobals) = postSolution
		SolutionGuid = {C5F8AE41-870D-4798-8F27-F199764244B0}
	EndGlobalSection
EndGlobal
